
Microsoft Visual Studio Solution File, Format Version 12.00
# Visual Studio Version 17
VisualStudioVersion = 17.11.35312.102
MinimumVisualStudioVersion = 10.0.40219.1
Project("{FAE04EC0-301F-11D3-BF4B-00C04F79EFBC}") = "switch-case", "switch-case\switch-case.csproj", "{13327E47-D545-4F98-BAD9-4CC1F94BFC7F}"
EndProject
Project("{FAE04EC0-301F-11D3-BF4B-00C04F79EFBC}") = "if-else kullanımıyla örnek", "if-else kullanımıyla örnek\if-else kullanımıyla örnek.csproj", "{9F901980-9D4E-4576-B24A-E425D91496A8}"
EndProject
Project("{FAE04EC0-301F-11D3-BF4B-00C04F79EFBC}") = "Kim milyoner olmak ister oyunu", "Kim milyoner olmak ister oyunu\Kim milyoner olmak ister oyunu.csproj", "{F8BFCB2B-3E80-4277-A584-00E366B0FC1B}"
EndProject
Global
	GlobalSection(SolutionConfigurationPlatforms) = preSolution
		Debug|Any CPU = Debug|Any CPU
		Release|Any CPU = Release|Any CPU
	EndGlobalSection
	GlobalSection(ProjectConfigurationPlatforms) = postSolution
		{13327E47-D545-4F98-BAD9-4CC1F94BFC7F}.Debug|Any CPU.ActiveCfg = Debug|Any CPU
		{13327E47-D545-4F98-BAD9-4CC1F94BFC7F}.Debug|Any CPU.Build.0 = Debug|Any CPU
		{13327E47-D545-4F98-BAD9-4CC1F94BFC7F}.Release|Any CPU.ActiveCfg = Release|Any CPU
		{13327E47-D545-4F98-BAD9-4CC1F94BFC7F}.Release|Any CPU.Build.0 = Release|Any CPU
		{9F901980-9D4E-4576-B24A-E425D91496A8}.Debug|Any CPU.ActiveCfg = Debug|Any CPU
		{9F901980-9D4E-4576-B24A-E425D91496A8}.Debug|Any CPU.Build.0 = Debug|Any CPU
		{9F901980-9D4E-4576-B24A-E425D91496A8}.Release|Any CPU.ActiveCfg = Release|Any CPU
		{9F901980-9D4E-4576-B24A-E425D91496A8}.Release|Any CPU.Build.0 = Release|Any CPU
		{F8BFCB2B-3E80-4277-A584-00E366B0FC1B}.Debug|Any CPU.ActiveCfg = Debug|Any CPU
		{F8BFCB2B-3E80-4277-A584-00E366B0FC1B}.Debug|Any CPU.Build.0 = Debug|Any CPU
		{F8BFCB2B-3E80-4277-A584-00E366B0FC1B}.Release|Any CPU.ActiveCfg = Release|Any CPU
		{F8BFCB2B-3E80-4277-A584-00E366B0FC1B}.Release|Any CPU.Build.0 = Release|Any CPU
	EndGlobalSection
	GlobalSection(SolutionProperties) = preSolution
		HideSolutionNode = FALSE
	EndGlobalSection
	GlobalSection(ExtensibilityGlobals) = postSolution
		SolutionGuid = {099D6014-4C0D-414C-8779-9CC7C20B4A22}
	EndGlobalSection
EndGlobal
